{
  "name": "pebble-layout",
  "version": "1.0.0",
  "lockfileVersion": 1,
  "requires": true,
  "dependencies": {
    "@smallstoneapps/linked-list": {
      "version": "1.4.0",
      "resolved": "https://registry.npmjs.org/@smallstoneapps/linked-list/-/linked-list-1.4.0.tgz",
      "integrity": "sha1-M6sEciAombB+C6MY1J2vhncDGdk="
    }
  }
}
